// !$*UTF8*$!
{
	archiveVersion = 1;
	classes = {
	};
	objectVersion = 56;
	objects = {

/* Begin PBXBuildFile section */
		2198896B4E2F573762FD6CFD /* Pods_ATests.framework in Frameworks */ = {isa = PBXBuildFile; fileRef = FE71B5D4978BAA30D186C882 /* Pods_ATests.framework */; };
		8DC96593E177E040291C928B /* Pods_A_AUITests.framework in Frameworks */ = {isa = PBXBuildFile; fileRef = E5C15EA1FAB0D650AA795DCE /* Pods_A_AUITests.framework */; };
		BAC739DB2CB398C0003BD6DD /* Preview Assets.xcassets in Resources */ = {isa = PBXBuildFile; fileRef = BAC739D52CB398C0003BD6DD /* Preview Assets.xcassets */; };
		BAC739DC2CB398C0003BD6DD /* Assets.xcassets in Resources */ = {isa = PBXBuildFile; fileRef = BAC739D82CB398C0003BD6DD /* Assets.xcassets */; };
		BAC739DD2CB398C0003BD6DD /* AApp.swift in Sources */ = {isa = PBXBuildFile; fileRef = BAC739D72CB398C0003BD6DD /* AApp.swift */; };
		BAC739DE2CB398C0003BD6DD /* ContentView.swift in Sources */ = {isa = PBXBuildFile; fileRef = BAC739D92CB398C0003BD6DD /* ContentView.swift */; };
		BAC739E12CB398C4003BD6DD /* ATests.swift in Sources */ = {isa = PBXBuildFile; fileRef = BAC739DF2CB398C4003BD6DD /* ATests.swift */; };
		BAC739E52CB398CD003BD6DD /* AUITests.swift in Sources */ = {isa = PBXBuildFile; fileRef = BAC739E22CB398CD003BD6DD /* AUITests.swift */; };
		BAC739E62CB398CD003BD6DD /* AUITestsLaunchTests.swift in Sources */ = {isa = PBXBuildFile; fileRef = BAC739E32CB398CD003BD6DD /* AUITestsLaunchTests.swift */; };
		BAE7EBC42CB3BDF3006F0F36 /* Movie.swift in Sources */ = {isa = PBXBuildFile; fileRef = BAE7EBC32CB3BDF3006F0F36 /* Movie.swift */; };
		D611F3AD27D28B48713E0916 /* Pods_A.framework in Frameworks */ = {isa = PBXBuildFile; fileRef = 07CCA67E2DB7206A4DCE341D /* Pods_A.framework */; };
/* End PBXBuildFile section */

/* Begin PBXContainerItemProxy section */
		BAC739B92CB3989D003BD6DD /* PBXContainerItemProxy */ = {
			isa = PBXContainerItemProxy;
			containerPortal = BAC739A02CB39899003BD6DD /* Project object */;
			proxyType = 1;
			remoteGlobalIDString = BAC739A72CB39899003BD6DD;
			remoteInfo = A;
		};
		BAC739C32CB3989D003BD6DD /* PBXContainerItemProxy */ = {
			isa = PBXContainerItemProxy;
			containerPortal = BAC739A02CB39899003BD6DD /* Project object */;
			proxyType = 1;
			remoteGlobalIDString = BAC739A72CB39899003BD6DD;
			remoteInfo = A;
		};
/* End PBXContainerItemProxy section */

/* Begin PBXFileReference section */
		07CCA67E2DB7206A4DCE341D /* Pods_A.framework */ = {isa = PBXFileReference; explicitFileType = wrapper.framework; includeInIndex = 0; path = Pods_A.framework; sourceTree = BUILT_PRODUCTS_DIR; };
		3A9FC9E1EBFE4BE6E01C8B04 /* Pods-A-AUITests.debug.xcconfig */ = {isa = PBXFileReference; includeInIndex = 1; lastKnownFileType = text.xcconfig; name = "Pods-A-AUITests.debug.xcconfig"; path = "Target Support Files/Pods-A-AUITests/Pods-A-AUITests.debug.xcconfig"; sourceTree = "<group>"; };
		3F7053EE0D0A00988F092318 /* Pods-ATests.release.xcconfig */ = {isa = PBXFileReference; includeInIndex = 1; lastKnownFileType = text.xcconfig; name = "Pods-ATests.release.xcconfig"; path = "Target Support Files/Pods-ATests/Pods-ATests.release.xcconfig"; sourceTree = "<group>"; };
		6488CFF3EEC2F2240935E279 /* Pods-A.debug.xcconfig */ = {isa = PBXFileReference; includeInIndex = 1; lastKnownFileType = text.xcconfig; name = "Pods-A.debug.xcconfig"; path = "Target Support Files/Pods-A/Pods-A.debug.xcconfig"; sourceTree = "<group>"; };
		7AB018547974AE7891132154 /* Pods-ATests.debug.xcconfig */ = {isa = PBXFileReference; includeInIndex = 1; lastKnownFileType = text.xcconfig; name = "Pods-ATests.debug.xcconfig"; path = "Target Support Files/Pods-ATests/Pods-ATests.debug.xcconfig"; sourceTree = "<group>"; };
		7DFCC1AB0238C35E28ECBD4C /* Pods-A-AUITests.release.xcconfig */ = {isa = PBXFileReference; includeInIndex = 1; lastKnownFileType = text.xcconfig; name = "Pods-A-AUITests.release.xcconfig"; path = "Target Support Files/Pods-A-AUITests/Pods-A-AUITests.release.xcconfig"; sourceTree = "<group>"; };
		A7D9642795DE83E3B3B6D45C /* Pods-A.release.xcconfig */ = {isa = PBXFileReference; includeInIndex = 1; lastKnownFileType = text.xcconfig; name = "Pods-A.release.xcconfig"; path = "Target Support Files/Pods-A/Pods-A.release.xcconfig"; sourceTree = "<group>"; };
		BAC739A82CB39899003BD6DD /* A.app */ = {isa = PBXFileReference; explicitFileType = wrapper.application; includeInIndex = 0; path = A.app; sourceTree = BUILT_PRODUCTS_DIR; };
		BAC739B82CB3989D003BD6DD /* ATests.xctest */ = {isa = PBXFileReference; explicitFileType = wrapper.cfbundle; includeInIndex = 0; path = ATests.xctest; sourceTree = BUILT_PRODUCTS_DIR; };
		BAC739C22CB3989D003BD6DD /* AUITests.xctest */ = {isa = PBXFileReference; explicitFileType = wrapper.cfbundle; includeInIndex = 0; path = AUITests.xctest; sourceTree = BUILT_PRODUCTS_DIR; };
		BAC739D52CB398C0003BD6DD /* Preview Assets.xcassets */ = {isa = PBXFileReference; lastKnownFileType = folder.assetcatalog; path = "Preview Assets.xcassets"; sourceTree = "<group>"; };
		BAC739D72CB398C0003BD6DD /* AApp.swift */ = {isa = PBXFileReference; lastKnownFileType = sourcecode.swift; path = AApp.swift; sourceTree = "<group>"; };
		BAC739D82CB398C0003BD6DD /* Assets.xcassets */ = {isa = PBXFileReference; lastKnownFileType = folder.assetcatalog; path = Assets.xcassets; sourceTree = "<group>"; };
		BAC739D92CB398C0003BD6DD /* ContentView.swift */ = {isa = PBXFileReference; lastKnownFileType = sourcecode.swift; path = ContentView.swift; sourceTree = "<group>"; };
		BAC739DF2CB398C4003BD6DD /* ATests.swift */ = {isa = PBXFileReference; lastKnownFileType = sourcecode.swift; path = ATests.swift; sourceTree = "<group>"; };
		BAC739E22CB398CD003BD6DD /* AUITests.swift */ = {isa = PBXFileReference; lastKnownFileType = sourcecode.swift; path = AUITests.swift; sourceTree = "<group>"; };
		BAC739E32CB398CD003BD6DD /* AUITestsLaunchTests.swift */ = {isa = PBXFileReference; lastKnownFileType = sourcecode.swift; path = AUITestsLaunchTests.swift; sourceTree = "<group>"; };
		BAE7EBC32CB3BDF3006F0F36 /* Movie.swift */ = {isa = PBXFileReference; lastKnownFileType = sourcecode.swift; path = Movie.swift; sourceTree = "<group>"; };
		E5C15EA1FAB0D650AA795DCE /* Pods_A_AUITests.framework */ = {isa = PBXFileReference; explicitFileType = wrapper.framework; includeInIndex = 0; path = Pods_A_AUITests.framework; sourceTree = BUILT_PRODUCTS_DIR; };
		FE71B5D4978BAA30D186C882 /* Pods_ATests.framework */ = {isa = PBXFileReference; explicitFileType = wrapper.framework; includeInIndex = 0; path = Pods_ATests.framework; sourceTree = BUILT_PRODUCTS_DIR; };
/* End PBXFileReference section */

/* Begin PBXFrameworksBuildPhase section */
		BAC739A52CB39899003BD6DD /* Frameworks */ = {
			isa = PBXFrameworksBuildPhase;
			buildActionMask = 2147483647;
			files = (
				D611F3AD27D28B48713E0916 /* Pods_A.framework in Frameworks */,
			);
			runOnlyForDeploymentPostprocessing = 0;
		};
		BAC739B52CB3989D003BD6DD /* Frameworks */ = {
			isa = PBXFrameworksBuildPhase;
			buildActionMask = 2147483647;
			files = (
				2198896B4E2F573762FD6CFD /* Pods_ATests.framework in Frameworks */,
			);
			runOnlyForDeploymentPostprocessing = 0;
		};
		BAC739BF2CB3989D003BD6DD /* Frameworks */ = {
			isa = PBXFrameworksBuildPhase;
			buildActionMask = 2147483647;
			files = (
				8DC96593E177E040291C928B /* Pods_A_AUITests.framework in Frameworks */,
			);
			runOnlyForDeploymentPostprocessing = 0;
		};
/* End PBXFrameworksBuildPhase section */

/* Begin PBXGroup section */
		3F2068698064CFE733891538 /* Frameworks */ = {
			isa = PBXGroup;
			children = (
				07CCA67E2DB7206A4DCE341D /* Pods_A.framework */,
				E5C15EA1FAB0D650AA795DCE /* Pods_A_AUITests.framework */,
				FE71B5D4978BAA30D186C882 /* Pods_ATests.framework */,
			);
			name = Frameworks;
			sourceTree = "<group>";
		};
		77AB14FF0C8C45719B1EAA63 /* Pods */ = {
			isa = PBXGroup;
			children = (
				6488CFF3EEC2F2240935E279 /* Pods-A.debug.xcconfig */,
				A7D9642795DE83E3B3B6D45C /* Pods-A.release.xcconfig */,
				3A9FC9E1EBFE4BE6E01C8B04 /* Pods-A-AUITests.debug.xcconfig */,
				7DFCC1AB0238C35E28ECBD4C /* Pods-A-AUITests.release.xcconfig */,
				7AB018547974AE7891132154 /* Pods-ATests.debug.xcconfig */,
				3F7053EE0D0A00988F092318 /* Pods-ATests.release.xcconfig */,
			);
			path = Pods;
			sourceTree = "<group>";
		};
		BAC7399F2CB39899003BD6DD = {
			isa = PBXGroup;
			children = (
				BAC739DA2CB398C0003BD6DD /* A */,
				BAC739E02CB398C4003BD6DD /* ATests */,
				BAC739E42CB398CD003BD6DD /* AUITests */,
				BAC739A92CB39899003BD6DD /* Products */,
				77AB14FF0C8C45719B1EAA63 /* Pods */,
				3F2068698064CFE733891538 /* Frameworks */,
			);
			sourceTree = "<group>";
		};
		BAC739A92CB39899003BD6DD /* Products */ = {
			isa = PBXGroup;
			children = (
				BAC739A82CB39899003BD6DD /* A.app */,
				BAC739B82CB3989D003BD6DD /* ATests.xctest */,
				BAC739C22CB3989D003BD6DD /* AUITests.xctest */,
			);
			name = Products;
			sourceTree = "<group>";
		};
		BAC739D62CB398C0003BD6DD /* Preview Content */ = {
			isa = PBXGroup;
			children = (
				BAC739D52CB398C0003BD6DD /* Preview Assets.xcassets */,
			);
			path = "Preview Content";
			sourceTree = "<group>";
		};
		BAC739DA2CB398C0003BD6DD /* A */ = {
			isa = PBXGroup;
			children = (
				BAE7EBC02CB3BC81006F0F36 /* Playing */,
				BAE7EBBF2CB3BC7C006F0F36 /* Core */,
				BAC739D62CB398C0003BD6DD /* Preview Content */,
				BAC739D72CB398C0003BD6DD /* AApp.swift */,
				BAC739D82CB398C0003BD6DD /* Assets.xcassets */,
				BAC739D92CB398C0003BD6DD /* ContentView.swift */,
			);
			path = A;
			sourceTree = "<group>";
		};
		BAC739E02CB398C4003BD6DD /* ATests */ = {
			isa = PBXGroup;
			children = (
				BAC739DF2CB398C4003BD6DD /* ATests.swift */,
			);
			path = ATests;
			sourceTree = "<group>";
		};
		BAC739E42CB398CD003BD6DD /* AUITests */ = {
			isa = PBXGroup;
			children = (
				BAC739E22CB398CD003BD6DD /* AUITests.swift */,
				BAC739E32CB398CD003BD6DD /* AUITestsLaunchTests.swift */,
			);
			path = AUITests;
			sourceTree = "<group>";
		};
		BAE7EBBF2CB3BC7C006F0F36 /* Core */ = {
			isa = PBXGroup;
			children = (
				BAE7EBC12CB3BDD9006F0F36 /* Domain */,
			);
			path = Core;
			sourceTree = "<group>";
		};
		BAE7EBC02CB3BC81006F0F36 /* Playing */ = {
			isa = PBXGroup;
			children = (
			);
			path = Playing;
			sourceTree = "<group>";
		};
		BAE7EBC12CB3BDD9006F0F36 /* Domain */ = {
			isa = PBXGroup;
			children = (
				BAE7EBC32CB3BDF3006F0F36 /* Movie.swift */,
			);
			path = Domain;
			sourceTree = "<group>";
		};
/* End PBXGroup section */

/* Begin PBXNativeTarget section */
		BAC739A72CB39899003BD6DD /* A */ = {
			isa = PBXNativeTarget;
			buildConfigurationList = BAC739CC2CB3989D003BD6DD /* Build configuration list for PBXNativeTarget "A" */;
			buildPhases = (
				DB50180542E799DA3EF822D6 /* [CP] Check Pods Manifest.lock */,
				BAC739A42CB39899003BD6DD /* Sources */,
				BAC739A52CB39899003BD6DD /* Frameworks */,
				BAC739A62CB39899003BD6DD /* Resources */,
				1C345352849D3BBBEF84A564 /* [CP] Embed Pods Frameworks */,
			);
			buildRules = (
			);
			dependencies = (
			);
			name = A;
			productName = A;
			productReference = BAC739A82CB39899003BD6DD /* A.app */;
			productType = "com.apple.product-type.application";
		};
		BAC739B72CB3989D003BD6DD /* ATests */ = {
			isa = PBXNativeTarget;
			buildConfigurationList = BAC739CF2CB3989D003BD6DD /* Build configuration list for PBXNativeTarget "ATests" */;
			buildPhases = (
				32559BB032BFDD81C7AC5259 /* [CP] Check Pods Manifest.lock */,
				BAC739B42CB3989D003BD6DD /* Sources */,
				BAC739B52CB3989D003BD6DD /* Frameworks */,
				BAC739B62CB3989D003BD6DD /* Resources */,
			);
			buildRules = (
			);
			dependencies = (
				BAC739BA2CB3989D003BD6DD /* PBXTargetDependency */,
			);
			name = ATests;
			productName = ATests;
			productReference = BAC739B82CB3989D003BD6DD /* ATests.xctest */;
			productType = "com.apple.product-type.bundle.unit-test";
		};
		BAC739C12CB3989D003BD6DD /* AUITests */ = {
			isa = PBXNativeTarget;
			buildConfigurationList = BAC739D22CB3989D003BD6DD /* Build configuration list for PBXNativeTarget "AUITests" */;
			buildPhases = (
				4D78B931947AF28DFB20D447 /* [CP] Check Pods Manifest.lock */,
				BAC739BE2CB3989D003BD6DD /* Sources */,
				BAC739BF2CB3989D003BD6DD /* Frameworks */,
				BAC739C02CB3989D003BD6DD /* Resources */,
				8716B68E6FA413E85DBB01DB /* [CP] Embed Pods Frameworks */,
			);
			buildRules = (
			);
			dependencies = (
				BAC739C42CB3989D003BD6DD /* PBXTargetDependency */,
			);
			name = AUITests;
			productName = AUITests;
			productReference = BAC739C22CB3989D003BD6DD /* AUITests.xctest */;
			productType = "com.apple.product-type.bundle.ui-testing";
		};
/* End PBXNativeTarget section */

/* Begin PBXProject section */
		BAC739A02CB39899003BD6DD /* Project object */ = {
			isa = PBXProject;
			attributes = {
				BuildIndependentTargetsInParallel = 1;
				LastSwiftUpdateCheck = 1600;
				LastUpgradeCheck = 1600;
				TargetAttributes = {
					BAC739A72CB39899003BD6DD = {
						CreatedOnToolsVersion = 16.0;
					};
					BAC739B72CB3989D003BD6DD = {
						CreatedOnToolsVersion = 16.0;
						TestTargetID = BAC739A72CB39899003BD6DD;
					};
					BAC739C12CB3989D003BD6DD = {
						CreatedOnToolsVersion = 16.0;
						TestTargetID = BAC739A72CB39899003BD6DD;
					};
				};
			};
			buildConfigurationList = BAC739A32CB39899003BD6DD /* Build configuration list for PBXProject "A" */;
			compatibilityVersion = "Xcode 14.0";
			developmentRegion = en;
			hasScannedForEncodings = 0;
			knownRegions = (
				en,
				Base,
			);
			mainGroup = BAC7399F2CB39899003BD6DD;
			productRefGroup = BAC739A92CB39899003BD6DD /* Products */;
			projectDirPath = "";
			projectRoot = "";
			targets = (
				BAC739A72CB39899003BD6DD /* A */,
				BAC739B72CB3989D003BD6DD /* ATests */,
				BAC739C12CB3989D003BD6DD /* AUITests */,
			);
		};
/* End PBXProject section */

/* Begin PBXResourcesBuildPhase section */
		BAC739A62CB39899003BD6DD /* Resources */ = {
			isa = PBXResourcesBuildPhase;
			buildActionMask = 2147483647;
			files = (
				BAC739DB2CB398C0003BD6DD /* Preview Assets.xcassets in Resources */,
				BAC739DC2CB398C0003BD6DD /* Assets.xcassets in Resources */,
			);
			runOnlyForDeploymentPostprocessing = 0;
		};
		BAC739B62CB3989D003BD6DD /* Resources */ = {
			isa = PBXResourcesBuildPhase;
			buildActionMask = 2147483647;
			files = (
			);
			runOnlyForDeploymentPostprocessing = 0;
		};
		BAC739C02CB3989D003BD6DD /* Resources */ = {
			isa = PBXResourcesBuildPhase;
			buildActionMask = 2147483647;
			files = (
			);
			runOnlyForDeploymentPostprocessing = 0;
		};
/* End PBXResourcesBuildPhase section */

/* Begin PBXShellScriptBuildPhase section */
		1C345352849D3BBBEF84A564 /* [CP] Embed Pods Frameworks */ = {
			isa = PBXShellScriptBuildPhase;
			buildActionMask = 2147483647;
			files = (
			);
			inputFileListPaths = (
				"${PODS_ROOT}/Target Support Files/Pods-A/Pods-A-frameworks-${CONFIGURATION}-input-files.xcfilelist",
			);
			name = "[CP] Embed Pods Frameworks";
			outputFileListPaths = (
				"${PODS_ROOT}/Target Support Files/Pods-A/Pods-A-frameworks-${CONFIGURATION}-output-files.xcfilelist",
			);
			runOnlyForDeploymentPostprocessing = 0;
			shellPath = /bin/sh;
			shellScript = "\"${PODS_ROOT}/Target Support Files/Pods-A/Pods-A-frameworks.sh\"\n";
			showEnvVarsInLog = 0;
		};
		32559BB032BFDD81C7AC5259 /* [CP] Check Pods Manifest.lock */ = {
			isa = PBXShellScriptBuildPhase;
			buildActionMask = 2147483647;
			files = (
			);
			inputFileListPaths = (
			);
			inputPaths = (
				"${PODS_PODFILE_DIR_PATH}/Podfile.lock",
				"${PODS_ROOT}/Manifest.lock",
			);
			name = "[CP] Check Pods Manifest.lock";
			outputFileListPaths = (
			);
			outputPaths = (
				"$(DERIVED_FILE_DIR)/Pods-ATests-checkManifestLockResult.txt",
			);
			runOnlyForDeploymentPostprocessing = 0;
			shellPath = /bin/sh;
			shellScript = "diff \"${PODS_PODFILE_DIR_PATH}/Podfile.lock\" \"${PODS_ROOT}/Manifest.lock\" > /dev/null\nif [ $? != 0 ] ; then\n    # print error to STDERR\n    echo \"error: The sandbox is not in sync with the Podfile.lock. Run 'pod install' or update your CocoaPods installation.\" >&2\n    exit 1\nfi\n# This output is used by Xcode 'outputs' to avoid re-running this script phase.\necho \"SUCCESS\" > \"${SCRIPT_OUTPUT_FILE_0}\"\n";
			showEnvVarsInLog = 0;
		};
		4D78B931947AF28DFB20D447 /* [CP] Check Pods Manifest.lock */ = {
			isa = PBXShellScriptBuildPhase;
			buildActionMask = 2147483647;
			files = (
			);
			inputFileListPaths = (
			);
			inputPaths = (
				"${PODS_PODFILE_DIR_PATH}/Podfile.lock",
				"${PODS_ROOT}/Manifest.lock",
			);
			name = "[CP] Check Pods Manifest.lock";
			outputFileListPaths = (
			);
			outputPaths = (
				"$(DERIVED_FILE_DIR)/Pods-A-AUITests-checkManifestLockResult.txt",
			);
			runOnlyForDeploymentPostprocessing = 0;
			shellPath = /bin/sh;
			shellScript = "diff \"${PODS_PODFILE_DIR_PATH}/Podfile.lock\" \"${PODS_ROOT}/Manifest.lock\" > /dev/null\nif [ $? != 0 ] ; then\n    # print error to STDERR\n    echo \"error: The sandbox is not in sync with the Podfile.lock. Run 'pod install' or update your CocoaPods installation.\" >&2\n    exit 1\nfi\n# This output is used by Xcode 'outputs' to avoid re-running this script phase.\necho \"SUCCESS\" > \"${SCRIPT_OUTPUT_FILE_0}\"\n";
			showEnvVarsInLog = 0;
		};
		8716B68E6FA413E85DBB01DB /* [CP] Embed Pods Frameworks */ = {
			isa = PBXShellScriptBuildPhase;
			buildActionMask = 2147483647;
			files = (
			);
			inputFileListPaths = (
				"${PODS_ROOT}/Target Support Files/Pods-A-AUITests/Pods-A-AUITests-frameworks-${CONFIGURATION}-input-files.xcfilelist",
			);
			name = "[CP] Embed Pods Frameworks";
			outputFileListPaths = (
				"${PODS_ROOT}/Target Support Files/Pods-A-AUITests/Pods-A-AUITests-frameworks-${CONFIGURATION}-output-files.xcfilelist",
			);
			runOnlyForDeploymentPostprocessing = 0;
			shellPath = /bin/sh;
			shellScript = "\"${PODS_ROOT}/Target Support Files/Pods-A-AUITests/Pods-A-AUITests-frameworks.sh\"\n";
			showEnvVarsInLog = 0;
		};
		DB50180542E799DA3EF822D6 /* [CP] Check Pods Manifest.lock */ = {
			isa = PBXShellScriptBuildPhase;
			buildActionMask = 2147483647;
			files = (
			);
			inputFileListPaths = (
			);
			inputPaths = (
				"${PODS_PODFILE_DIR_PATH}/Podfile.lock",
				"${PODS_ROOT}/Manifest.lock",
			);
			name = "[CP] Check Pods Manifest.lock";
			outputFileListPaths = (
			);
			outputPaths = (
				"$(DERIVED_FILE_DIR)/Pods-A-checkManifestLockResult.txt",
			);
			runOnlyForDeploymentPostprocessing = 0;
			shellPath = /bin/sh;
			shellScript = "diff \"${PODS_PODFILE_DIR_PATH}/Podfile.lock\" \"${PODS_ROOT}/Manifest.lock\" > /dev/null\nif [ $? != 0 ] ; then\n    # print error to STDERR\n    echo \"error: The sandbox is not in sync with the Podfile.lock. Run 'pod install' or update your CocoaPods installation.\" >&2\n    exit 1\nfi\n# This output is used by Xcode 'outputs' to avoid re-running this script phase.\necho \"SUCCESS\" > \"${SCRIPT_OUTPUT_FILE_0}\"\n";
			showEnvVarsInLog = 0;
		};
/* End PBXShellScriptBuildPhase section */

/* Begin PBXSourcesBuildPhase section */
		BAC739A42CB39899003BD6DD /* Sources */ = {
			isa = PBXSourcesBuildPhase;
			buildActionMask = 2147483647;
			files = (
				BAC739DD2CB398C0003BD6DD /* AApp.swift in Sources */,
				BAC739DE2CB398C0003BD6DD /* ContentView.swift in Sources */,
				BAE7EBC42CB3BDF3006F0F36 /* Movie.swift in Sources */,
			);
			runOnlyForDeploymentPostprocessing = 0;
		};
		BAC739B42CB3989D003BD6DD /* Sources */ = {
			isa = PBXSourcesBuildPhase;
			buildActionMask = 2147483647;
			files = (
				BAC739E12CB398C4003BD6DD /* ATests.swift in Sources */,
			);
			runOnlyForDeploymentPostprocessing = 0;
		};
		BAC739BE2CB3989D003BD6DD /* Sources */ = {
			isa = PBXSourcesBuildPhase;
			buildActionMask = 2147483647;
			files = (
				BAC739E52CB398CD003BD6DD /* AUITests.swift in Sources */,
				BAC739E62CB398CD003BD6DD /* AUITestsLaunchTests.swift in Sources */,
			);
			runOnlyForDeploymentPostprocessing = 0;
		};
/* End PBXSourcesBuildPhase section */

/* Begin PBXTargetDependency section */
		BAC739BA2CB3989D003BD6DD /* PBXTargetDependency */ = {
			isa = PBXTargetDependency;
			target = BAC739A72CB39899003BD6DD /* A */;
			targetProxy = BAC739B92CB3989D003BD6DD /* PBXContainerItemProxy */;
		};
		BAC739C42CB3989D003BD6DD /* PBXTargetDependency */ = {
			isa = PBXTargetDependency;
			target = BAC739A72CB39899003BD6DD /* A */;
			targetProxy = BAC739C32CB3989D003BD6DD /* PBXContainerItemProxy */;
		};
/* End PBXTargetDependency section */

/* Begin XCBuildConfiguration section */
		BAC739CA2CB3989D003BD6DD /* Debug */ = {
			isa = XCBuildConfiguration;
			buildSettings = {
				ALWAYS_SEARCH_USER_PATHS = NO;
				ASSETCATALOG_COMPILER_GENERATE_SWIFT_ASSET_SYMBOL_EXTENSIONS = YES;
				CLANG_ANALYZER_NONNULL = YES;
				CLANG_ANALYZER_NUMBER_OBJECT_CONVERSION = YES_AGGRESSIVE;
				CLANG_CXX_LANGUAGE_STANDARD = "gnu++20";
				CLANG_ENABLE_MODULES = YES;
				CLANG_ENABLE_OBJC_ARC = YES;
				CLANG_ENABLE_OBJC_WEAK = YES;
				CLANG_WARN_BLOCK_CAPTURE_AUTORELEASING = YES;
				CLANG_WARN_BOOL_CONVERSION = YES;
				CLANG_WARN_COMMA = YES;
				CLANG_WARN_CONSTANT_CONVERSION = YES;
				CLANG_WARN_DEPRECATED_OBJC_IMPLEMENTATIONS = YES;
				CLANG_WARN_DIRECT_OBJC_ISA_USAGE = YES_ERROR;
				CLANG_WARN_DOCUMENTATION_COMMENTS = YES;
				CLANG_WARN_EMPTY_BODY = YES;
				CLANG_WARN_ENUM_CONVERSION = YES;
				CLANG_WARN_INFINITE_RECURSION = YES;
				CLANG_WARN_INT_CONVERSION = YES;
				CLANG_WARN_NON_LITERAL_NULL_CONVERSION = YES;
				CLANG_WARN_OBJC_IMPLICIT_RETAIN_SELF = YES;
				CLANG_WARN_OBJC_LITERAL_CONVERSION = YES;
				CLANG_WARN_OBJC_ROOT_CLASS = YES_ERROR;
				CLANG_WARN_QUOTED_INCLUDE_IN_FRAMEWORK_HEADER = YES;
				CLANG_WARN_RANGE_LOOP_ANALYSIS = YES;
				CLANG_WARN_STRICT_PROTOTYPES = YES;
				CLANG_WARN_SUSPICIOUS_MOVE = YES;
				CLANG_WARN_UNGUARDED_AVAILABILITY = YES_AGGRESSIVE;
				CLANG_WARN_UNREACHABLE_CODE = YES;
				CLANG_WARN__DUPLICATE_METHOD_MATCH = YES;
				COPY_PHASE_STRIP = NO;
				DEBUG_INFORMATION_FORMAT = dwarf;
				ENABLE_STRICT_OBJC_MSGSEND = YES;
				ENABLE_TESTABILITY = YES;
				ENABLE_USER_SCRIPT_SANDBOXING = YES;
				GCC_C_LANGUAGE_STANDARD = gnu17;
				GCC_DYNAMIC_NO_PIC = NO;
				GCC_NO_COMMON_BLOCKS = YES;
				GCC_OPTIMIZATION_LEVEL = 0;
				GCC_PREPROCESSOR_DEFINITIONS = (
					"DEBUG=1",
					"$(inherited)",
				);
				GCC_WARN_64_TO_32_BIT_CONVERSION = YES;
				GCC_WARN_ABOUT_RETURN_TYPE = YES_ERROR;
				GCC_WARN_UNDECLARED_SELECTOR = YES;
				GCC_WARN_UNINITIALIZED_AUTOS = YES_AGGRESSIVE;
				GCC_WARN_UNUSED_FUNCTION = YES;
				GCC_WARN_UNUSED_VARIABLE = YES;
				IPHONEOS_DEPLOYMENT_TARGET = 18.0;
				LOCALIZATION_PREFERS_STRING_CATALOGS = YES;
				MTL_ENABLE_DEBUG_INFO = INCLUDE_SOURCE;
				MTL_FAST_MATH = YES;
				ONLY_ACTIVE_ARCH = YES;
				SDKROOT = iphoneos;
				SWIFT_ACTIVE_COMPILATION_CONDITIONS = "DEBUG $(inherited)";
				SWIFT_OPTIMIZATION_LEVEL = "-Onone";
			};
			name = Debug;
		};
		BAC739CB2CB3989D003BD6DD /* Release */ = {
			isa = XCBuildConfiguration;
			buildSettings = {
				ALWAYS_SEARCH_USER_PATHS = NO;
				ASSETCATALOG_COMPILER_GENERATE_SWIFT_ASSET_SYMBOL_EXTENSIONS = YES;
				CLANG_ANALYZER_NONNULL = YES;
				CLANG_ANALYZER_NUMBER_OBJECT_CONVERSION = YES_AGGRESSIVE;
				CLANG_CXX_LANGUAGE_STANDARD = "gnu++20";
				CLANG_ENABLE_MODULES = YES;
				CLANG_ENABLE_OBJC_ARC = YES;
				CLANG_ENABLE_OBJC_WEAK = YES;
				CLANG_WARN_BLOCK_CAPTURE_AUTORELEASING = YES;
				CLANG_WARN_BOOL_CONVERSION = YES;
				CLANG_WARN_COMMA = YES;
				CLANG_WARN_CONSTANT_CONVERSION = YES;
				CLANG_WARN_DEPRECATED_OBJC_IMPLEMENTATIONS = YES;
				CLANG_WARN_DIRECT_OBJC_ISA_USAGE = YES_ERROR;
				CLANG_WARN_DOCUMENTATION_COMMENTS = YES;
				CLANG_WARN_EMPTY_BODY = YES;
				CLANG_WARN_ENUM_CONVERSION = YES;
				CLANG_WARN_INFINITE_RECURSION = YES;
				CLANG_WARN_INT_CONVERSION = YES;
				CLANG_WARN_NON_LITERAL_NULL_CONVERSION = YES;
				CLANG_WARN_OBJC_IMPLICIT_RETAIN_SELF = YES;
				CLANG_WARN_OBJC_LITERAL_CONVERSION = YES;
				CLANG_WARN_OBJC_ROOT_CLASS = YES_ERROR;
				CLANG_WARN_QUOTED_INCLUDE_IN_FRAMEWORK_HEADER = YES;
				CLANG_WARN_RANGE_LOOP_ANALYSIS = YES;
				CLANG_WARN_STRICT_PROTOTYPES = YES;
				CLANG_WARN_SUSPICIOUS_MOVE = YES;
				CLANG_WARN_UNGUARDED_AVAILABILITY = YES_AGGRESSIVE;
				CLANG_WARN_UNREACHABLE_CODE = YES;
				CLANG_WARN__DUPLICATE_METHOD_MATCH = YES;
				COPY_PHASE_STRIP = NO;
				DEBUG_INFORMATION_FORMAT = "dwarf-with-dsym";
				ENABLE_NS_ASSERTIONS = NO;
				ENABLE_STRICT_OBJC_MSGSEND = YES;
				ENABLE_USER_SCRIPT_SANDBOXING = YES;
				GCC_C_LANGUAGE_STANDARD = gnu17;
				GCC_NO_COMMON_BLOCKS = YES;
				GCC_WARN_64_TO_32_BIT_CONVERSION = YES;
				GCC_WARN_ABOUT_RETURN_TYPE = YES_ERROR;
				GCC_WARN_UNDECLARED_SELECTOR = YES;
				GCC_WARN_UNINITIALIZED_AUTOS = YES_AGGRESSIVE;
				GCC_WARN_UNUSED_FUNCTION = YES;
				GCC_WARN_UNUSED_VARIABLE = YES;
				IPHONEOS_DEPLOYMENT_TARGET = 18.0;
				LOCALIZATION_PREFERS_STRING_CATALOGS = YES;
				MTL_ENABLE_DEBUG_INFO = NO;
				MTL_FAST_MATH = YES;
				SDKROOT = iphoneos;
				SWIFT_COMPILATION_MODE = wholemodule;
				VALIDATE_PRODUCT = YES;
			};
			name = Release;
		};
		BAC739CD2CB3989D003BD6DD /* Debug */ = {
			isa = XCBuildConfiguration;
			baseConfigurationReference = 6488CFF3EEC2F2240935E279 /* Pods-A.debug.xcconfig */;
			buildSettings = {
				ASSETCATALOG_COMPILER_APPICON_NAME = AppIcon;
				ASSETCATALOG_COMPILER_GLOBAL_ACCENT_COLOR_NAME = AccentColor;
				CODE_SIGN_STYLE = Automatic;
				CURRENT_PROJECT_VERSION = 1;
				DEVELOPMENT_ASSET_PATHS = "\"A/Preview Content\"";
				ENABLE_PREVIEWS = YES;
				GENERATE_INFOPLIST_FILE = YES;
				INFOPLIST_KEY_UIApplicationSceneManifest_Generation = YES;
				INFOPLIST_KEY_UIApplicationSupportsIndirectInputEvents = YES;
				INFOPLIST_KEY_UILaunchScreen_Generation = YES;
				INFOPLIST_KEY_UISupportedInterfaceOrientations_iPad = "UIInterfaceOrientationPortrait UIInterfaceOrientationPortraitUpsideDown UIInterfaceOrientationLandscapeLeft UIInterfaceOrientationLandscapeRight";
				INFOPLIST_KEY_UISupportedInterfaceOrientations_iPhone = "UIInterfaceOrientationPortrait UIInterfaceOrientationLandscapeLeft UIInterfaceOrientationLandscapeRight";
				LD_RUNPATH_SEARCH_PATHS = (
					"$(inherited)",
					"@executable_path/Frameworks",
				);
				MARKETING_VERSION = 1.0;
				PRODUCT_BUNDLE_IDENTIFIER = "io.o-henry.A";
				PRODUCT_NAME = "$(TARGET_NAME)";
				SWIFT_EMIT_LOC_STRINGS = YES;
				SWIFT_VERSION = 5.0;
				TARGETED_DEVICE_FAMILY = "1,2";
			};
			name = Debug;
		};
		BAC739CE2CB3989D003BD6DD /* Release */ = {
			isa = XCBuildConfiguration;
			baseConfigurationReference = A7D9642795DE83E3B3B6D45C /* Pods-A.release.xcconfig */;
			buildSettings = {
				ASSETCATALOG_COMPILER_APPICON_NAME = AppIcon;
				ASSETCATALOG_COMPILER_GLOBAL_ACCENT_COLOR_NAME = AccentColor;
				CODE_SIGN_STYLE = Automatic;
				CURRENT_PROJECT_VERSION = 1;
				DEVELOPMENT_ASSET_PATHS = "\"A/Preview Content\"";
				ENABLE_PREVIEWS = YES;
				GENERATE_INFOPLIST_FILE = YES;
				INFOPLIST_KEY_UIApplicationSceneManifest_Generation = YES;
				INFOPLIST_KEY_UIApplicationSupportsIndirectInputEvents = YES;
				INFOPLIST_KEY_UILaunchScreen_Generation = YES;
				INFOPLIST_KEY_UISupportedInterfaceOrientations_iPad = "UIInterfaceOrientationPortrait UIInterfaceOrientationPortraitUpsideDown UIInterfaceOrientationLandscapeLeft UIInterfaceOrientationLandscapeRight";
				INFOPLIST_KEY_UISupportedInterfaceOrientations_iPhone = "UIInterfaceOrientationPortrait UIInterfaceOrientationLandscapeLeft UIInterfaceOrientationLandscapeRight";
				LD_RUNPATH_SEARCH_PATHS = (
					"$(inherited)",
					"@executable_path/Frameworks",
				);
				MARKETING_VERSION = 1.0;
				PRODUCT_BUNDLE_IDENTIFIER = "io.o-henry.A";
				PRODUCT_NAME = "$(TARGET_NAME)";
				SWIFT_EMIT_LOC_STRINGS = YES;
				SWIFT_VERSION = 5.0;
				TARGETED_DEVICE_FAMILY = "1,2";
			};
			name = Release;
		};
		BAC739D02CB3989D003BD6DD /* Debug */ = {
			isa = XCBuildConfiguration;
			baseConfigurationReference = 7AB018547974AE7891132154 /* Pods-ATests.debug.xcconfig */;
			buildSettings = {
				BUNDLE_LOADER = "$(TEST_HOST)";
				CODE_SIGN_STYLE = Automatic;
				CURRENT_PROJECT_VERSION = 1;
				GENERATE_INFOPLIST_FILE = YES;
				IPHONEOS_DEPLOYMENT_TARGET = 18.0;
				MARKETING_VERSION = 1.0;
				PRODUCT_BUNDLE_IDENTIFIER = "io.o-henry.ATests";
				PRODUCT_NAME = "$(TARGET_NAME)";
				SWIFT_EMIT_LOC_STRINGS = NO;
				SWIFT_VERSION = 5.0;
				TARGETED_DEVICE_FAMILY = "1,2";
				TEST_HOST = "$(BUILT_PRODUCTS_DIR)/A.app/$(BUNDLE_EXECUTABLE_FOLDER_PATH)/A";
			};
			name = Debug;
		};
		BAC739D12CB3989D003BD6DD /* Release */ = {
			isa = XCBuildConfiguration;
			baseConfigurationReference = 3F7053EE0D0A00988F092318 /* Pods-ATests.release.xcconfig */;
			buildSettings = {
				BUNDLE_LOADER = "$(TEST_HOST)";
				CODE_SIGN_STYLE = Automatic;
				CURRENT_PROJECT_VERSION = 1;
				GENERATE_INFOPLIST_FILE = YES;
				IPHONEOS_DEPLOYMENT_TARGET = 18.0;
				MARKETING_VERSION = 1.0;
				PRODUCT_BUNDLE_IDENTIFIER = "io.o-henry.ATests";
				PRODUCT_NAME = "$(TARGET_NAME)";
				SWIFT_EMIT_LOC_STRINGS = NO;
				SWIFT_VERSION = 5.0;
				TARGETED_DEVICE_FAMILY = "1,2";
				TEST_HOST = "$(BUILT_PRODUCTS_DIR)/A.app/$(BUNDLE_EXECUTABLE_FOLDER_PATH)/A";
			};
			name = Release;
		};
		BAC739D32CB3989D003BD6DD /* Debug */ = {
			isa = XCBuildConfiguration;
			baseConfigurationReference = 3A9FC9E1EBFE4BE6E01C8B04 /* Pods-A-AUITests.debug.xcconfig */;
			buildSettings = {
				CODE_SIGN_STYLE = Automatic;
				CURRENT_PROJECT_VERSION = 1;
				GENERATE_INFOPLIST_FILE = YES;
				MARKETING_VERSION = 1.0;
				PRODUCT_BUNDLE_IDENTIFIER = "io.o-henry.AUITests";
				PRODUCT_NAME = "$(TARGET_NAME)";
				SWIFT_EMIT_LOC_STRINGS = NO;
				SWIFT_VERSION = 5.0;
				TARGETED_DEVICE_FAMILY = "1,2";
				TEST_TARGET_NAME = A;
			};
			name = Debug;
		};
		BAC739D42CB3989D003BD6DD /* Release */ = {
			isa = XCBuildConfiguration;
			baseConfigurationReference = 7DFCC1AB0238C35E28ECBD4C /* Pods-A-AUITests.release.xcconfig */;
			buildSettings = {
				CODE_SIGN_STYLE = Automatic;
				CURRENT_PROJECT_VERSION = 1;
				GENERATE_INFOPLIST_FILE = YES;
				MARKETING_VERSION = 1.0;
				PRODUCT_BUNDLE_IDENTIFIER = "io.o-henry.AUITests";
				PRODUCT_NAME = "$(TARGET_NAME)";
				SWIFT_EMIT_LOC_STRINGS = NO;
				SWIFT_VERSION = 5.0;
				TARGETED_DEVICE_FAMILY = "1,2";
				TEST_TARGET_NAME = A;
			};
			name = Release;
		};
/* End XCBuildConfiguration section */

/* Begin XCConfigurationList section */
		BAC739A32CB39899003BD6DD /* Build configuration list for PBXProject "A" */ = {
			isa = XCConfigurationList;
			buildConfigurations = (
				BAC739CA2CB3989D003BD6DD /* Debug */,
				BAC739CB2CB3989D003BD6DD /* Release */,
			);
			defaultConfigurationIsVisible = 0;
			defaultConfigurationName = Release;
		};
		BAC739CC2CB3989D003BD6DD /* Build configuration list for PBXNativeTarget "A" */ = {
			isa = XCConfigurationList;
			buildConfigurations = (
				BAC739CD2CB3989D003BD6DD /* Debug */,
				BAC739CE2CB3989D003BD6DD /* Release */,
			);
			defaultConfigurationIsVisible = 0;
			defaultConfigurationName = Release;
		};
		BAC739CF2CB3989D003BD6DD /* Build configuration list for PBXNativeTarget "ATests" */ = {
			isa = XCConfigurationList;
			buildConfigurations = (
				BAC739D02CB3989D003BD6DD /* Debug */,
				BAC739D12CB3989D003BD6DD /* Release */,
			);
			defaultConfigurationIsVisible = 0;
			defaultConfigurationName = Release;
		};
		BAC739D22CB3989D003BD6DD /* Build configuration list for PBXNativeTarget "AUITests" */ = {
			isa = XCConfigurationList;
			buildConfigurations = (
				BAC739D32CB3989D003BD6DD /* Debug */,
				BAC739D42CB3989D003BD6DD /* Release */,
			);
			defaultConfigurationIsVisible = 0;
			defaultConfigurationName = Release;
		};
/* End XCConfigurationList section */
	};
	rootObject = BAC739A02CB39899003BD6DD /* Project object */;
}
